
Microsoft Visual Studio Solution File, Format Version 12.00
Project("{FAE04EC0-301F-11D3-BF4B-00C04F79EFBC}") = "cs_oppgave_05", "cs_oppgave_05.csproj", "{22202C5D-058A-44CE-B7F0-AED7E970108E}"
EndProject
Global
	GlobalSection(SolutionConfigurationPlatforms) = preSolution
		Debug|Any CPU = Debug|Any CPU
		Release|Any CPU = Release|Any CPU
	EndGlobalSection
	GlobalSection(ProjectConfigurationPlatforms) = postSolution
		{22202C5D-058A-44CE-B7F0-AED7E970108E}.Debug|Any CPU.ActiveCfg = Debug|Any CPU
		{22202C5D-058A-44CE-B7F0-AED7E970108E}.Debug|Any CPU.Build.0 = Debug|Any CPU
		{22202C5D-058A-44CE-B7F0-AED7E970108E}.Release|Any CPU.ActiveCfg = Release|Any CPU
		{22202C5D-058A-44CE-B7F0-AED7E970108E}.Release|Any CPU.Build.0 = Release|Any CPU
	EndGlobalSection
EndGlobal
